
Microsoft Visual Studio Solution File, Format Version 12.00
# Visual Studio Version 17
VisualStudioVersion = 17.4.33213.308
MinimumVisualStudioVersion = 10.0.40219.1
Project("{FAE04EC0-301F-11D3-BF4B-00C04F79EFBC}") = "HelloWorld", "HelloWorld\HelloWorld.csproj", "{0E8FC9C4-E429-469F-9CF3-1BD320DB069E}"
EndProject
Project("{FAE04EC0-301F-11D3-BF4B-00C04F79EFBC}") = "GettingInput", "GettingInput\GettingInput.csproj", "{C9562D49-3D18-4B76-9CEE-405E36BBA82F}"
EndProject
Global
	GlobalSection(SolutionConfigurationPlatforms) = preSolution
		Debug|Any CPU = Debug|Any CPU
		Release|Any CPU = Release|Any CPU
	EndGlobalSection
	GlobalSection(ProjectConfigurationPlatforms) = postSolution
		{0E8FC9C4-E429-469F-9CF3-1BD320DB069E}.Debug|Any CPU.ActiveCfg = Debug|Any CPU
		{0E8FC9C4-E429-469F-9CF3-1BD320DB069E}.Debug|Any CPU.Build.0 = Debug|Any CPU
		{0E8FC9C4-E429-469F-9CF3-1BD320DB069E}.Release|Any CPU.ActiveCfg = Release|Any CPU
		{0E8FC9C4-E429-469F-9CF3-1BD320DB069E}.Release|Any CPU.Build.0 = Release|Any CPU
		{C9562D49-3D18-4B76-9CEE-405E36BBA82F}.Debug|Any CPU.ActiveCfg = Debug|Any CPU
		{C9562D49-3D18-4B76-9CEE-405E36BBA82F}.Debug|Any CPU.Build.0 = Debug|Any CPU
		{C9562D49-3D18-4B76-9CEE-405E36BBA82F}.Release|Any CPU.ActiveCfg = Release|Any CPU
		{C9562D49-3D18-4B76-9CEE-405E36BBA82F}.Release|Any CPU.Build.0 = Release|Any CPU
	EndGlobalSection
	GlobalSection(SolutionProperties) = preSolution
		HideSolutionNode = FALSE
	EndGlobalSection
	GlobalSection(ExtensibilityGlobals) = postSolution
		SolutionGuid = {2723395B-BDBC-4157-A180-E3D1199B646F}
	EndGlobalSection
EndGlobal
