
Microsoft Visual Studio Solution File, Format Version 12.00
# Visual Studio Version 17
VisualStudioVersion = 17.4.33213.308
MinimumVisualStudioVersion = 10.0.40219.1
Project("{FAE04EC0-301F-11D3-BF4B-00C04F79EFBC}") = "HelloWorld", "HelloWorld\HelloWorld.csproj", "{0E8FC9C4-E429-469F-9CF3-1BD320DB069E}"
EndProject
Project("{FAE04EC0-301F-11D3-BF4B-00C04F79EFBC}") = "GettingInput", "GettingInput\GettingInput.csproj", "{C9562D49-3D18-4B76-9CEE-405E36BBA82F}"
EndProject
Project("{FAE04EC0-301F-11D3-BF4B-00C04F79EFBC}") = "Comments", "Comments\Comments.csproj", "{13F991A6-5CC0-4C97-9746-D15BDA53D70C}"
EndProject
Project("{FAE04EC0-301F-11D3-BF4B-00C04F79EFBC}") = "DataTypesVariables", "DataTypesVariables\DataTypesVariables.csproj", "{410BDF81-1977-4E4D-9F3F-AE413F08A97D}"
EndProject
Project("{FAE04EC0-301F-11D3-BF4B-00C04F79EFBC}") = "ConsoleCreatures", "ConsoleCreatures\ConsoleCreatures.csproj", "{8DA1AC51-453E-40F7-8EE0-A1107F74E3E1}"
EndProject
Project("{FAE04EC0-301F-11D3-BF4B-00C04F79EFBC}") = "ConvertingDataTypes", "ConvertingDataTypes\ConvertingDataTypes.csproj", "{5AE2EF69-9FEA-4868-8C21-750E221A4312}"
EndProject
Global
	GlobalSection(SolutionConfigurationPlatforms) = preSolution
		Debug|Any CPU = Debug|Any CPU
		Release|Any CPU = Release|Any CPU
	EndGlobalSection
	GlobalSection(ProjectConfigurationPlatforms) = postSolution
		{0E8FC9C4-E429-469F-9CF3-1BD320DB069E}.Debug|Any CPU.ActiveCfg = Debug|Any CPU
		{0E8FC9C4-E429-469F-9CF3-1BD320DB069E}.Debug|Any CPU.Build.0 = Debug|Any CPU
		{0E8FC9C4-E429-469F-9CF3-1BD320DB069E}.Release|Any CPU.ActiveCfg = Release|Any CPU
		{0E8FC9C4-E429-469F-9CF3-1BD320DB069E}.Release|Any CPU.Build.0 = Release|Any CPU
		{C9562D49-3D18-4B76-9CEE-405E36BBA82F}.Debug|Any CPU.ActiveCfg = Debug|Any CPU
		{C9562D49-3D18-4B76-9CEE-405E36BBA82F}.Debug|Any CPU.Build.0 = Debug|Any CPU
		{C9562D49-3D18-4B76-9CEE-405E36BBA82F}.Release|Any CPU.ActiveCfg = Release|Any CPU
		{C9562D49-3D18-4B76-9CEE-405E36BBA82F}.Release|Any CPU.Build.0 = Release|Any CPU
		{13F991A6-5CC0-4C97-9746-D15BDA53D70C}.Debug|Any CPU.ActiveCfg = Debug|Any CPU
		{13F991A6-5CC0-4C97-9746-D15BDA53D70C}.Debug|Any CPU.Build.0 = Debug|Any CPU
		{13F991A6-5CC0-4C97-9746-D15BDA53D70C}.Release|Any CPU.ActiveCfg = Release|Any CPU
		{13F991A6-5CC0-4C97-9746-D15BDA53D70C}.Release|Any CPU.Build.0 = Release|Any CPU
		{410BDF81-1977-4E4D-9F3F-AE413F08A97D}.Debug|Any CPU.ActiveCfg = Debug|Any CPU
		{410BDF81-1977-4E4D-9F3F-AE413F08A97D}.Debug|Any CPU.Build.0 = Debug|Any CPU
		{410BDF81-1977-4E4D-9F3F-AE413F08A97D}.Release|Any CPU.ActiveCfg = Release|Any CPU
		{410BDF81-1977-4E4D-9F3F-AE413F08A97D}.Release|Any CPU.Build.0 = Release|Any CPU
		{8DA1AC51-453E-40F7-8EE0-A1107F74E3E1}.Debug|Any CPU.ActiveCfg = Debug|Any CPU
		{8DA1AC51-453E-40F7-8EE0-A1107F74E3E1}.Debug|Any CPU.Build.0 = Debug|Any CPU
		{8DA1AC51-453E-40F7-8EE0-A1107F74E3E1}.Release|Any CPU.ActiveCfg = Release|Any CPU
		{8DA1AC51-453E-40F7-8EE0-A1107F74E3E1}.Release|Any CPU.Build.0 = Release|Any CPU
		{5AE2EF69-9FEA-4868-8C21-750E221A4312}.Debug|Any CPU.ActiveCfg = Debug|Any CPU
		{5AE2EF69-9FEA-4868-8C21-750E221A4312}.Debug|Any CPU.Build.0 = Debug|Any CPU
		{5AE2EF69-9FEA-4868-8C21-750E221A4312}.Release|Any CPU.ActiveCfg = Release|Any CPU
		{5AE2EF69-9FEA-4868-8C21-750E221A4312}.Release|Any CPU.Build.0 = Release|Any CPU
	EndGlobalSection
	GlobalSection(SolutionProperties) = preSolution
		HideSolutionNode = FALSE
	EndGlobalSection
	GlobalSection(ExtensibilityGlobals) = postSolution
		SolutionGuid = {2723395B-BDBC-4157-A180-E3D1199B646F}
	EndGlobalSection
EndGlobal
